
Microsoft Visual Studio Solution File, Format Version 12.00
# Visual Studio Version 17
VisualStudioVersion = 17.10.34916.146
MinimumVisualStudioVersion = 10.0.40219.1
Project("{FAE04EC0-301F-11D3-BF4B-00C04F79EFBC}") = "ControlboxLibreriaAPI", "ControlboxLibreriaAPI.csproj", "{96E1CD79-26BD-4D7A-AD63-D981B83A4E15}"
EndProject
Global
	GlobalSection(SolutionConfigurationPlatforms) = preSolution
		Debug|Any CPU = Debug|Any CPU
		Release|Any CPU = Release|Any CPU
	EndGlobalSection
	GlobalSection(ProjectConfigurationPlatforms) = postSolution
		{96E1CD79-26BD-4D7A-AD63-D981B83A4E15}.Debug|Any CPU.ActiveCfg = Debug|Any CPU
		{96E1CD79-26BD-4D7A-AD63-D981B83A4E15}.Debug|Any CPU.Build.0 = Debug|Any CPU
		{96E1CD79-26BD-4D7A-AD63-D981B83A4E15}.Release|Any CPU.ActiveCfg = Release|Any CPU
		{96E1CD79-26BD-4D7A-AD63-D981B83A4E15}.Release|Any CPU.Build.0 = Release|Any CPU
	EndGlobalSection
	GlobalSection(SolutionProperties) = preSolution
		HideSolutionNode = FALSE
	EndGlobalSection
	GlobalSection(ExtensibilityGlobals) = postSolution
		SolutionGuid = {3188EC4A-CC0F-4E59-A15A-2D9B83FBEDD2}
	EndGlobalSection
EndGlobal
